
Microsoft Visual Studio Solution File, Format Version 12.00
# Visual Studio 14
VisualStudioVersion = 14.0.25123.0
MinimumVisualStudioVersion = 10.0.40219.1
Project("{8BC9CEB8-8B4A-11D0-8D11-00A0C91BC942}") = "Graphics", "Graphics.vcxproj", "{9DC2B29F-8364-4FEB-B5F5-12B1EA97C5D6}"
EndProject
Project("{8BC9CEB8-8B4A-11D0-8D11-00A0C91BC942}") = "01-hello Triangle", "test\01-hello Triangle\01-hello Triangle.vcxproj", "{C8C1DE3A-AED9-4542-AED0-ABE220E4EB73}"
	ProjectSection(ProjectDependencies) = postProject
		{9DC2B29F-8364-4FEB-B5F5-12B1EA97C5D6} = {9DC2B29F-8364-4FEB-B5F5-12B1EA97C5D6}
	EndProjectSection
EndProject
Project("{8BC9CEB8-8B4A-11D0-8D11-00A0C91BC942}") = "02 - UniTex", "test\UniTex\UniTex.vcxproj", "{3F1A4CC5-665B-4765-8E1D-EF8301A5BCC8}"
	ProjectSection(ProjectDependencies) = postProject
		{9DC2B29F-8364-4FEB-B5F5-12B1EA97C5D6} = {9DC2B29F-8364-4FEB-B5F5-12B1EA97C5D6}
	EndProjectSection
EndProject
Project("{8BC9CEB8-8B4A-11D0-8D11-00A0C91BC942}") = "04 - fromDisk2", "test\04 - fromDisk2\04 - fromDisk2.vcxproj", "{27243C41-961C-493A-83D7-660F01FC9F10}"
	ProjectSection(ProjectDependencies) = postProject
		{9DC2B29F-8364-4FEB-B5F5-12B1EA97C5D6} = {9DC2B29F-8364-4FEB-B5F5-12B1EA97C5D6}
	EndProjectSection
EndProject
Project("{8BC9CEB8-8B4A-11D0-8D11-00A0C91BC942}") = "03 - TDraw", "test\03 - TDraw\03 - TDraw.vcxproj", "{9B3CB220-757F-4B2D-8DE9-6A2A0FDF369E}"
EndProject
Project("{8BC9CEB8-8B4A-11D0-8D11-00A0C91BC942}") = "shaders", "resources\shaders\shaders.vcxproj", "{1C228793-C488-45CF-870B-C334E5768F6D}"
	ProjectSection(ProjectDependencies) = postProject
		{9DC2B29F-8364-4FEB-B5F5-12B1EA97C5D6} = {9DC2B29F-8364-4FEB-B5F5-12B1EA97C5D6}
	EndProjectSection
EndProject
Project("{8BC9CEB8-8B4A-11D0-8D11-00A0C91BC942}") = "05 - MVP", "test\05 - MVP\05 - MVP.vcxproj", "{7FCA8D42-8447-4E3F-B450-DEED052454CA}"
	ProjectSection(ProjectDependencies) = postProject
		{9DC2B29F-8364-4FEB-B5F5-12B1EA97C5D6} = {9DC2B29F-8364-4FEB-B5F5-12B1EA97C5D6}
	EndProjectSection
EndProject
Project("{8BC9CEB8-8B4A-11D0-8D11-00A0C91BC942}") = "07 - Materials", "test\07 - Materials\07 - Materials.vcxproj", "{382CBF83-28E7-4E33-8781-BB4434082167}"
	ProjectSection(ProjectDependencies) = postProject
		{9DC2B29F-8364-4FEB-B5F5-12B1EA97C5D6} = {9DC2B29F-8364-4FEB-B5F5-12B1EA97C5D6}
	EndProjectSection
EndProject
Project("{8BC9CEB8-8B4A-11D0-8D11-00A0C91BC942}") = "09 - Shadows", "test\09 - Shadows\09 - Shadows.vcxproj", "{8888B2BE-70A6-4E1C-8AC6-05A2C4C8E8E0}"
	ProjectSection(ProjectDependencies) = postProject
		{9DC2B29F-8364-4FEB-B5F5-12B1EA97C5D6} = {9DC2B29F-8364-4FEB-B5F5-12B1EA97C5D6}
	EndProjectSection
EndProject
Global
	GlobalSection(SolutionConfigurationPlatforms) = preSolution
		Debug|x64 = Debug|x64
		Debug|x86 = Debug|x86
		Release|x64 = Release|x64
		Release|x86 = Release|x86
	EndGlobalSection
	GlobalSection(ProjectConfigurationPlatforms) = postSolution
		{9DC2B29F-8364-4FEB-B5F5-12B1EA97C5D6}.Debug|x64.ActiveCfg = Debug|x64
		{9DC2B29F-8364-4FEB-B5F5-12B1EA97C5D6}.Debug|x64.Build.0 = Debug|x64
		{9DC2B29F-8364-4FEB-B5F5-12B1EA97C5D6}.Debug|x86.ActiveCfg = Debug|Win32
		{9DC2B29F-8364-4FEB-B5F5-12B1EA97C5D6}.Debug|x86.Build.0 = Debug|Win32
		{9DC2B29F-8364-4FEB-B5F5-12B1EA97C5D6}.Release|x64.ActiveCfg = Release|x64
		{9DC2B29F-8364-4FEB-B5F5-12B1EA97C5D6}.Release|x64.Build.0 = Release|x64
		{9DC2B29F-8364-4FEB-B5F5-12B1EA97C5D6}.Release|x86.ActiveCfg = Release|Win32
		{9DC2B29F-8364-4FEB-B5F5-12B1EA97C5D6}.Release|x86.Build.0 = Release|Win32
		{C8C1DE3A-AED9-4542-AED0-ABE220E4EB73}.Debug|x64.ActiveCfg = Debug|x64
		{C8C1DE3A-AED9-4542-AED0-ABE220E4EB73}.Debug|x64.Build.0 = Debug|x64
		{C8C1DE3A-AED9-4542-AED0-ABE220E4EB73}.Debug|x86.ActiveCfg = Debug|Win32
		{C8C1DE3A-AED9-4542-AED0-ABE220E4EB73}.Debug|x86.Build.0 = Debug|Win32
		{C8C1DE3A-AED9-4542-AED0-ABE220E4EB73}.Release|x64.ActiveCfg = Release|x64
		{C8C1DE3A-AED9-4542-AED0-ABE220E4EB73}.Release|x64.Build.0 = Release|x64
		{C8C1DE3A-AED9-4542-AED0-ABE220E4EB73}.Release|x86.ActiveCfg = Release|Win32
		{C8C1DE3A-AED9-4542-AED0-ABE220E4EB73}.Release|x86.Build.0 = Release|Win32
		{3F1A4CC5-665B-4765-8E1D-EF8301A5BCC8}.Debug|x64.ActiveCfg = Debug|x64
		{3F1A4CC5-665B-4765-8E1D-EF8301A5BCC8}.Debug|x64.Build.0 = Debug|x64
		{3F1A4CC5-665B-4765-8E1D-EF8301A5BCC8}.Debug|x86.ActiveCfg = Debug|Win32
		{3F1A4CC5-665B-4765-8E1D-EF8301A5BCC8}.Debug|x86.Build.0 = Debug|Win32
		{3F1A4CC5-665B-4765-8E1D-EF8301A5BCC8}.Release|x64.ActiveCfg = Release|x64
		{3F1A4CC5-665B-4765-8E1D-EF8301A5BCC8}.Release|x64.Build.0 = Release|x64
		{3F1A4CC5-665B-4765-8E1D-EF8301A5BCC8}.Release|x86.ActiveCfg = Release|Win32
		{3F1A4CC5-665B-4765-8E1D-EF8301A5BCC8}.Release|x86.Build.0 = Release|Win32
		{27243C41-961C-493A-83D7-660F01FC9F10}.Debug|x64.ActiveCfg = Debug|x64
		{27243C41-961C-493A-83D7-660F01FC9F10}.Debug|x64.Build.0 = Debug|x64
		{27243C41-961C-493A-83D7-660F01FC9F10}.Debug|x86.ActiveCfg = Debug|Win32
		{27243C41-961C-493A-83D7-660F01FC9F10}.Debug|x86.Build.0 = Debug|Win32
		{27243C41-961C-493A-83D7-660F01FC9F10}.Release|x64.ActiveCfg = Release|x64
		{27243C41-961C-493A-83D7-660F01FC9F10}.Release|x64.Build.0 = Release|x64
		{27243C41-961C-493A-83D7-660F01FC9F10}.Release|x86.ActiveCfg = Release|Win32
		{27243C41-961C-493A-83D7-660F01FC9F10}.Release|x86.Build.0 = Release|Win32
		{9B3CB220-757F-4B2D-8DE9-6A2A0FDF369E}.Debug|x64.ActiveCfg = Debug|x64
		{9B3CB220-757F-4B2D-8DE9-6A2A0FDF369E}.Debug|x64.Build.0 = Debug|x64
		{9B3CB220-757F-4B2D-8DE9-6A2A0FDF369E}.Debug|x86.ActiveCfg = Debug|Win32
		{9B3CB220-757F-4B2D-8DE9-6A2A0FDF369E}.Debug|x86.Build.0 = Debug|Win32
		{9B3CB220-757F-4B2D-8DE9-6A2A0FDF369E}.Release|x64.ActiveCfg = Release|x64
		{9B3CB220-757F-4B2D-8DE9-6A2A0FDF369E}.Release|x64.Build.0 = Release|x64
		{9B3CB220-757F-4B2D-8DE9-6A2A0FDF369E}.Release|x86.ActiveCfg = Release|Win32
		{9B3CB220-757F-4B2D-8DE9-6A2A0FDF369E}.Release|x86.Build.0 = Release|Win32
		{1C228793-C488-45CF-870B-C334E5768F6D}.Debug|x64.ActiveCfg = Debug|x64
		{1C228793-C488-45CF-870B-C334E5768F6D}.Debug|x64.Build.0 = Debug|x64
		{1C228793-C488-45CF-870B-C334E5768F6D}.Debug|x86.ActiveCfg = Debug|Win32
		{1C228793-C488-45CF-870B-C334E5768F6D}.Debug|x86.Build.0 = Debug|Win32
		{1C228793-C488-45CF-870B-C334E5768F6D}.Release|x64.ActiveCfg = Release|x64
		{1C228793-C488-45CF-870B-C334E5768F6D}.Release|x64.Build.0 = Release|x64
		{1C228793-C488-45CF-870B-C334E5768F6D}.Release|x86.ActiveCfg = Release|Win32
		{1C228793-C488-45CF-870B-C334E5768F6D}.Release|x86.Build.0 = Release|Win32
		{7FCA8D42-8447-4E3F-B450-DEED052454CA}.Debug|x64.ActiveCfg = Debug|x64
		{7FCA8D42-8447-4E3F-B450-DEED052454CA}.Debug|x64.Build.0 = Debug|x64
		{7FCA8D42-8447-4E3F-B450-DEED052454CA}.Debug|x86.ActiveCfg = Debug|Win32
		{7FCA8D42-8447-4E3F-B450-DEED052454CA}.Debug|x86.Build.0 = Debug|Win32
		{7FCA8D42-8447-4E3F-B450-DEED052454CA}.Release|x64.ActiveCfg = Release|x64
		{7FCA8D42-8447-4E3F-B450-DEED052454CA}.Release|x64.Build.0 = Release|x64
		{7FCA8D42-8447-4E3F-B450-DEED052454CA}.Release|x86.ActiveCfg = Release|Win32
		{7FCA8D42-8447-4E3F-B450-DEED052454CA}.Release|x86.Build.0 = Release|Win32
		{382CBF83-28E7-4E33-8781-BB4434082167}.Debug|x64.ActiveCfg = Debug|x64
		{382CBF83-28E7-4E33-8781-BB4434082167}.Debug|x64.Build.0 = Debug|x64
		{382CBF83-28E7-4E33-8781-BB4434082167}.Debug|x86.ActiveCfg = Debug|Win32
		{382CBF83-28E7-4E33-8781-BB4434082167}.Debug|x86.Build.0 = Debug|Win32
		{382CBF83-28E7-4E33-8781-BB4434082167}.Release|x64.ActiveCfg = Release|x64
		{382CBF83-28E7-4E33-8781-BB4434082167}.Release|x64.Build.0 = Release|x64
		{382CBF83-28E7-4E33-8781-BB4434082167}.Release|x86.ActiveCfg = Release|Win32
		{382CBF83-28E7-4E33-8781-BB4434082167}.Release|x86.Build.0 = Release|Win32
		{8888B2BE-70A6-4E1C-8AC6-05A2C4C8E8E0}.Debug|x64.ActiveCfg = Debug|x64
		{8888B2BE-70A6-4E1C-8AC6-05A2C4C8E8E0}.Debug|x64.Build.0 = Debug|x64
		{8888B2BE-70A6-4E1C-8AC6-05A2C4C8E8E0}.Debug|x86.ActiveCfg = Debug|Win32
		{8888B2BE-70A6-4E1C-8AC6-05A2C4C8E8E0}.Debug|x86.Build.0 = Debug|Win32
		{8888B2BE-70A6-4E1C-8AC6-05A2C4C8E8E0}.Release|x64.ActiveCfg = Release|x64
		{8888B2BE-70A6-4E1C-8AC6-05A2C4C8E8E0}.Release|x64.Build.0 = Release|x64
		{8888B2BE-70A6-4E1C-8AC6-05A2C4C8E8E0}.Release|x86.ActiveCfg = Release|Win32
		{8888B2BE-70A6-4E1C-8AC6-05A2C4C8E8E0}.Release|x86.Build.0 = Release|Win32
	EndGlobalSection
	GlobalSection(SolutionProperties) = preSolution
		HideSolutionNode = FALSE
	EndGlobalSection
EndGlobal
